// !$*UTF8*$!
{
	archiveVersion = 1;
	classes = {
	};
	objectVersion = 50;
	objects = {

/* Begin PBXBuildFile section */
		D5221B092337876200CB0980 /* AppDelegate.swift in Sources */ = {isa = PBXBuildFile; fileRef = D5221B082337876200CB0980 /* AppDelegate.swift */; };
		D5221B102337876400CB0980 /* Assets.xcassets in Resources */ = {isa = PBXBuildFile; fileRef = D5221B0F2337876400CB0980 /* Assets.xcassets */; };
		D5221B132337876400CB0980 /* LaunchScreen.storyboard in Resources */ = {isa = PBXBuildFile; fileRef = D5221B112337876400CB0980 /* LaunchScreen.storyboard */; };
		D5221B22233787DA00CB0980 /* Home.storyboard in Resources */ = {isa = PBXBuildFile; fileRef = D5221B1C233787DA00CB0980 /* Home.storyboard */; };
		D5221B23233787DA00CB0980 /* HomeInterfaces.swift in Sources */ = {isa = PBXBuildFile; fileRef = D5221B1D233787DA00CB0980 /* HomeInterfaces.swift */; };
		D5221B24233787DA00CB0980 /* HomePresenter.swift in Sources */ = {isa = PBXBuildFile; fileRef = D5221B1E233787DA00CB0980 /* HomePresenter.swift */; };
		D5221B25233787DA00CB0980 /* HomeViewController.swift in Sources */ = {isa = PBXBuildFile; fileRef = D5221B1F233787DA00CB0980 /* HomeViewController.swift */; };
		D5221B26233787DA00CB0980 /* HomeInteractor.swift in Sources */ = {isa = PBXBuildFile; fileRef = D5221B20233787DA00CB0980 /* HomeInteractor.swift */; };
		D5221B27233787DA00CB0980 /* HomeWireframe.swift in Sources */ = {isa = PBXBuildFile; fileRef = D5221B21233787DA00CB0980 /* HomeWireframe.swift */; };
		D5221B302337880500CB0980 /* FormatterInterface.swift in Sources */ = {isa = PBXBuildFile; fileRef = D5221B2A2337880400CB0980 /* FormatterInterface.swift */; };
		D5221B312337880500CB0980 /* PresenterInterface.swift in Sources */ = {isa = PBXBuildFile; fileRef = D5221B2B2337880500CB0980 /* PresenterInterface.swift */; };
		D5221B322337880500CB0980 /* UIStoryboardExtension.swift in Sources */ = {isa = PBXBuildFile; fileRef = D5221B2C2337880500CB0980 /* UIStoryboardExtension.swift */; };
		D5221B332337880500CB0980 /* InteractorInterface.swift in Sources */ = {isa = PBXBuildFile; fileRef = D5221B2D2337880500CB0980 /* InteractorInterface.swift */; };
		D5221B342337880500CB0980 /* ViewInterface.swift in Sources */ = {isa = PBXBuildFile; fileRef = D5221B2E2337880500CB0980 /* ViewInterface.swift */; };
		D5221B372337894700CB0980 /* HomeNavigationController.swift in Sources */ = {isa = PBXBuildFile; fileRef = D5221B362337894700CB0980 /* HomeNavigationController.swift */; };
		D5221B4023378B8300CB0980 /* ViewOne.storyboard in Resources */ = {isa = PBXBuildFile; fileRef = D5221B3A23378B8300CB0980 /* ViewOne.storyboard */; };
		D5221B4123378B8300CB0980 /* ViewOneInterfaces.swift in Sources */ = {isa = PBXBuildFile; fileRef = D5221B3B23378B8300CB0980 /* ViewOneInterfaces.swift */; };
		D5221B4223378B8300CB0980 /* ViewOnePresenter.swift in Sources */ = {isa = PBXBuildFile; fileRef = D5221B3C23378B8300CB0980 /* ViewOnePresenter.swift */; };
		D5221B4323378B8300CB0980 /* ViewOneViewController.swift in Sources */ = {isa = PBXBuildFile; fileRef = D5221B3D23378B8300CB0980 /* ViewOneViewController.swift */; };
		D5221B4423378B8300CB0980 /* ViewOneInteractor.swift in Sources */ = {isa = PBXBuildFile; fileRef = D5221B3E23378B8300CB0980 /* ViewOneInteractor.swift */; };
		D5221B4523378B8300CB0980 /* ViewOneWireframe.swift in Sources */ = {isa = PBXBuildFile; fileRef = D5221B3F23378B8300CB0980 /* ViewOneWireframe.swift */; };
		D5221B4C23378B9A00CB0980 /* ViewTwo.storyboard in Resources */ = {isa = PBXBuildFile; fileRef = D5221B4623378B9A00CB0980 /* ViewTwo.storyboard */; };
		D5221B4D23378B9A00CB0980 /* ViewTwoInterfaces.swift in Sources */ = {isa = PBXBuildFile; fileRef = D5221B4723378B9A00CB0980 /* ViewTwoInterfaces.swift */; };
		D5221B4E23378B9A00CB0980 /* ViewTwoPresenter.swift in Sources */ = {isa = PBXBuildFile; fileRef = D5221B4823378B9A00CB0980 /* ViewTwoPresenter.swift */; };
		D5221B4F23378B9A00CB0980 /* ViewTwoViewController.swift in Sources */ = {isa = PBXBuildFile; fileRef = D5221B4923378B9A00CB0980 /* ViewTwoViewController.swift */; };
		D5221B5023378B9A00CB0980 /* ViewTwoInteractor.swift in Sources */ = {isa = PBXBuildFile; fileRef = D5221B4A23378B9A00CB0980 /* ViewTwoInteractor.swift */; };
		D5221B5123378B9A00CB0980 /* ViewTwoWireframe.swift in Sources */ = {isa = PBXBuildFile; fileRef = D5221B4B23378B9A00CB0980 /* ViewTwoWireframe.swift */; };
		D5221B5323378FA600CB0980 /* BaseWireframe.swift in Sources */ = {isa = PBXBuildFile; fileRef = D5221B5223378FA600CB0980 /* BaseWireframe.swift */; };
/* End PBXBuildFile section */

/* Begin PBXFileReference section */
		D5221B052337876200CB0980 /* ViperDemo.app */ = {isa = PBXFileReference; explicitFileType = wrapper.application; includeInIndex = 0; path = ViperDemo.app; sourceTree = BUILT_PRODUCTS_DIR; };
		D5221B082337876200CB0980 /* AppDelegate.swift */ = {isa = PBXFileReference; lastKnownFileType = sourcecode.swift; path = AppDelegate.swift; sourceTree = "<group>"; };
		D5221B0F2337876400CB0980 /* Assets.xcassets */ = {isa = PBXFileReference; lastKnownFileType = folder.assetcatalog; path = Assets.xcassets; sourceTree = "<group>"; };
		D5221B122337876400CB0980 /* Base */ = {isa = PBXFileReference; lastKnownFileType = file.storyboard; name = Base; path = Base.lproj/LaunchScreen.storyboard; sourceTree = "<group>"; };
		D5221B142337876400CB0980 /* Info.plist */ = {isa = PBXFileReference; lastKnownFileType = text.plist.xml; path = Info.plist; sourceTree = "<group>"; };
		D5221B1C233787DA00CB0980 /* Home.storyboard */ = {isa = PBXFileReference; lastKnownFileType = file.storyboard; path = Home.storyboard; sourceTree = "<group>"; };
		D5221B1D233787DA00CB0980 /* HomeInterfaces.swift */ = {isa = PBXFileReference; lastKnownFileType = sourcecode.swift; path = HomeInterfaces.swift; sourceTree = "<group>"; };
		D5221B1E233787DA00CB0980 /* HomePresenter.swift */ = {isa = PBXFileReference; lastKnownFileType = sourcecode.swift; path = HomePresenter.swift; sourceTree = "<group>"; };
		D5221B1F233787DA00CB0980 /* HomeViewController.swift */ = {isa = PBXFileReference; lastKnownFileType = sourcecode.swift; path = HomeViewController.swift; sourceTree = "<group>"; };
		D5221B20233787DA00CB0980 /* HomeInteractor.swift */ = {isa = PBXFileReference; lastKnownFileType = sourcecode.swift; path = HomeInteractor.swift; sourceTree = "<group>"; };
		D5221B21233787DA00CB0980 /* HomeWireframe.swift */ = {isa = PBXFileReference; lastKnownFileType = sourcecode.swift; path = HomeWireframe.swift; sourceTree = "<group>"; };
		D5221B2A2337880400CB0980 /* FormatterInterface.swift */ = {isa = PBXFileReference; fileEncoding = 4; lastKnownFileType = sourcecode.swift; path = FormatterInterface.swift; sourceTree = "<group>"; };
		D5221B2B2337880500CB0980 /* PresenterInterface.swift */ = {isa = PBXFileReference; fileEncoding = 4; lastKnownFileType = sourcecode.swift; path = PresenterInterface.swift; sourceTree = "<group>"; };
		D5221B2C2337880500CB0980 /* UIStoryboardExtension.swift */ = {isa = PBXFileReference; fileEncoding = 4; lastKnownFileType = sourcecode.swift; path = UIStoryboardExtension.swift; sourceTree = "<group>"; };
		D5221B2D2337880500CB0980 /* InteractorInterface.swift */ = {isa = PBXFileReference; fileEncoding = 4; lastKnownFileType = sourcecode.swift; path = InteractorInterface.swift; sourceTree = "<group>"; };
		D5221B2E2337880500CB0980 /* ViewInterface.swift */ = {isa = PBXFileReference; fileEncoding = 4; lastKnownFileType = sourcecode.swift; path = ViewInterface.swift; sourceTree = "<group>"; };
		D5221B362337894700CB0980 /* HomeNavigationController.swift */ = {isa = PBXFileReference; lastKnownFileType = sourcecode.swift; path = HomeNavigationController.swift; sourceTree = "<group>"; };
		D5221B3A23378B8300CB0980 /* ViewOne.storyboard */ = {isa = PBXFileReference; lastKnownFileType = file.storyboard; path = ViewOne.storyboard; sourceTree = "<group>"; };
		D5221B3B23378B8300CB0980 /* ViewOneInterfaces.swift */ = {isa = PBXFileReference; lastKnownFileType = sourcecode.swift; path = ViewOneInterfaces.swift; sourceTree = "<group>"; };
		D5221B3C23378B8300CB0980 /* ViewOnePresenter.swift */ = {isa = PBXFileReference; lastKnownFileType = sourcecode.swift; path = ViewOnePresenter.swift; sourceTree = "<group>"; };
		D5221B3D23378B8300CB0980 /* ViewOneViewController.swift */ = {isa = PBXFileReference; lastKnownFileType = sourcecode.swift; path = ViewOneViewController.swift; sourceTree = "<group>"; };
		D5221B3E23378B8300CB0980 /* ViewOneInteractor.swift */ = {isa = PBXFileReference; lastKnownFileType = sourcecode.swift; path = ViewOneInteractor.swift; sourceTree = "<group>"; };
		D5221B3F23378B8300CB0980 /* ViewOneWireframe.swift */ = {isa = PBXFileReference; lastKnownFileType = sourcecode.swift; path = ViewOneWireframe.swift; sourceTree = "<group>"; };
		D5221B4623378B9A00CB0980 /* ViewTwo.storyboard */ = {isa = PBXFileReference; lastKnownFileType = file.storyboard; path = ViewTwo.storyboard; sourceTree = "<group>"; };
		D5221B4723378B9A00CB0980 /* ViewTwoInterfaces.swift */ = {isa = PBXFileReference; lastKnownFileType = sourcecode.swift; path = ViewTwoInterfaces.swift; sourceTree = "<group>"; };
		D5221B4823378B9A00CB0980 /* ViewTwoPresenter.swift */ = {isa = PBXFileReference; lastKnownFileType = sourcecode.swift; path = ViewTwoPresenter.swift; sourceTree = "<group>"; };
		D5221B4923378B9A00CB0980 /* ViewTwoViewController.swift */ = {isa = PBXFileReference; lastKnownFileType = sourcecode.swift; path = ViewTwoViewController.swift; sourceTree = "<group>"; };
		D5221B4A23378B9A00CB0980 /* ViewTwoInteractor.swift */ = {isa = PBXFileReference; lastKnownFileType = sourcecode.swift; path = ViewTwoInteractor.swift; sourceTree = "<group>"; };
		D5221B4B23378B9A00CB0980 /* ViewTwoWireframe.swift */ = {isa = PBXFileReference; lastKnownFileType = sourcecode.swift; path = ViewTwoWireframe.swift; sourceTree = "<group>"; };
		D5221B5223378FA600CB0980 /* BaseWireframe.swift */ = {isa = PBXFileReference; fileEncoding = 4; lastKnownFileType = sourcecode.swift; path = BaseWireframe.swift; sourceTree = "<group>"; };
/* End PBXFileReference section */

/* Begin PBXFrameworksBuildPhase section */
		D5221B022337876200CB0980 /* Frameworks */ = {
			isa = PBXFrameworksBuildPhase;
			buildActionMask = 2147483647;
			files = (
			);
			runOnlyForDeploymentPostprocessing = 0;
		};
/* End PBXFrameworksBuildPhase section */

/* Begin PBXGroup section */
		D5221AFC2337876200CB0980 = {
			isa = PBXGroup;
			children = (
				D5221B072337876200CB0980 /* ViperDemo */,
				D5221B062337876200CB0980 /* Products */,
			);
			sourceTree = "<group>";
		};
		D5221B062337876200CB0980 /* Products */ = {
			isa = PBXGroup;
			children = (
				D5221B052337876200CB0980 /* ViperDemo.app */,
			);
			name = Products;
			sourceTree = "<group>";
		};
		D5221B072337876200CB0980 /* ViperDemo */ = {
			isa = PBXGroup;
			children = (
				D5221B352337883C00CB0980 /* Application */,
				D5221B28233787F000CB0980 /* VIPER */,
				D5221B1A2337876C00CB0980 /* Modules */,
			);
			path = ViperDemo;
			sourceTree = "<group>";
		};
		D5221B1A2337876C00CB0980 /* Modules */ = {
			isa = PBXGroup;
			children = (
				D5221B3923378B6700CB0980 /* ViewTwo */,
				D5221B3823378B5E00CB0980 /* ViewOne */,
				D5221B1B233787CB00CB0980 /* Home */,
			);
			path = Modules;
			sourceTree = "<group>";
		};
		D5221B1B233787CB00CB0980 /* Home */ = {
			isa = PBXGroup;
			children = (
				D5221B1C233787DA00CB0980 /* Home.storyboard */,
				D5221B1D233787DA00CB0980 /* HomeInterfaces.swift */,
				D5221B1E233787DA00CB0980 /* HomePresenter.swift */,
				D5221B1F233787DA00CB0980 /* HomeViewController.swift */,
				D5221B20233787DA00CB0980 /* HomeInteractor.swift */,
				D5221B21233787DA00CB0980 /* HomeWireframe.swift */,
			);
			path = Home;
			sourceTree = "<group>";
		};
		D5221B28233787F000CB0980 /* VIPER */ = {
			isa = PBXGroup;
			children = (
				D5221B2A2337880400CB0980 /* FormatterInterface.swift */,
				D5221B5223378FA600CB0980 /* BaseWireframe.swift */,
				D5221B2D2337880500CB0980 /* InteractorInterface.swift */,
				D5221B2B2337880500CB0980 /* PresenterInterface.swift */,
				D5221B2C2337880500CB0980 /* UIStoryboardExtension.swift */,
				D5221B2E2337880500CB0980 /* ViewInterface.swift */,
			);
			path = VIPER;
			sourceTree = "<group>";
		};
		D5221B352337883C00CB0980 /* Application */ = {
			isa = PBXGroup;
			children = (
				D5221B082337876200CB0980 /* AppDelegate.swift */,
				D5221B0F2337876400CB0980 /* Assets.xcassets */,
				D5221B112337876400CB0980 /* LaunchScreen.storyboard */,
				D5221B142337876400CB0980 /* Info.plist */,
				D5221B362337894700CB0980 /* HomeNavigationController.swift */,
			);
			path = Application;
			sourceTree = "<group>";
		};
		D5221B3823378B5E00CB0980 /* ViewOne */ = {
			isa = PBXGroup;
			children = (
				D5221B3A23378B8300CB0980 /* ViewOne.storyboard */,
				D5221B3B23378B8300CB0980 /* ViewOneInterfaces.swift */,
				D5221B3C23378B8300CB0980 /* ViewOnePresenter.swift */,
				D5221B3D23378B8300CB0980 /* ViewOneViewController.swift */,
				D5221B3E23378B8300CB0980 /* ViewOneInteractor.swift */,
				D5221B3F23378B8300CB0980 /* ViewOneWireframe.swift */,
			);
			path = ViewOne;
			sourceTree = "<group>";
		};
		D5221B3923378B6700CB0980 /* ViewTwo */ = {
			isa = PBXGroup;
			children = (
				D5221B4623378B9A00CB0980 /* ViewTwo.storyboard */,
				D5221B4723378B9A00CB0980 /* ViewTwoInterfaces.swift */,
				D5221B4823378B9A00CB0980 /* ViewTwoPresenter.swift */,
				D5221B4923378B9A00CB0980 /* ViewTwoViewController.swift */,
				D5221B4A23378B9A00CB0980 /* ViewTwoInteractor.swift */,
				D5221B4B23378B9A00CB0980 /* ViewTwoWireframe.swift */,
			);
			path = ViewTwo;
			sourceTree = "<group>";
		};
/* End PBXGroup section */

/* Begin PBXNativeTarget section */
		D5221B042337876200CB0980 /* ViperDemo */ = {
			isa = PBXNativeTarget;
			buildConfigurationList = D5221B172337876400CB0980 /* Build configuration list for PBXNativeTarget "ViperDemo" */;
			buildPhases = (
				D5221B012337876200CB0980 /* Sources */,
				D5221B022337876200CB0980 /* Frameworks */,
				D5221B032337876200CB0980 /* Resources */,
			);
			buildRules = (
			);
			dependencies = (
			);
			name = ViperDemo;
			productName = ViperDemo;
			productReference = D5221B052337876200CB0980 /* ViperDemo.app */;
			productType = "com.apple.product-type.application";
		};
/* End PBXNativeTarget section */

/* Begin PBXProject section */
		D5221AFD2337876200CB0980 /* Project object */ = {
			isa = PBXProject;
			attributes = {
				LastSwiftUpdateCheck = 1020;
				LastUpgradeCheck = 1020;
				ORGANIZATIONNAME = lux;
				TargetAttributes = {
					D5221B042337876200CB0980 = {
						CreatedOnToolsVersion = 10.2.1;
					};
				};
			};
			buildConfigurationList = D5221B002337876200CB0980 /* Build configuration list for PBXProject "ViperDemo" */;
			compatibilityVersion = "Xcode 9.3";
			developmentRegion = en;
			hasScannedForEncodings = 0;
			knownRegions = (
				en,
				Base,
			);
			mainGroup = D5221AFC2337876200CB0980;
			productRefGroup = D5221B062337876200CB0980 /* Products */;
			projectDirPath = "";
			projectRoot = "";
			targets = (
				D5221B042337876200CB0980 /* ViperDemo */,
			);
		};
/* End PBXProject section */

/* Begin PBXResourcesBuildPhase section */
		D5221B032337876200CB0980 /* Resources */ = {
			isa = PBXResourcesBuildPhase;
			buildActionMask = 2147483647;
			files = (
				D5221B4C23378B9A00CB0980 /* ViewTwo.storyboard in Resources */,
				D5221B22233787DA00CB0980 /* Home.storyboard in Resources */,
				D5221B132337876400CB0980 /* LaunchScreen.storyboard in Resources */,
				D5221B4023378B8300CB0980 /* ViewOne.storyboard in Resources */,
				D5221B102337876400CB0980 /* Assets.xcassets in Resources */,
			);
			runOnlyForDeploymentPostprocessing = 0;
		};
/* End PBXResourcesBuildPhase section */

/* Begin PBXSourcesBuildPhase section */
		D5221B012337876200CB0980 /* Sources */ = {
			isa = PBXSourcesBuildPhase;
			buildActionMask = 2147483647;
			files = (
				D5221B332337880500CB0980 /* InteractorInterface.swift in Sources */,
				D5221B302337880500CB0980 /* FormatterInterface.swift in Sources */,
				D5221B4E23378B9A00CB0980 /* ViewTwoPresenter.swift in Sources */,
				D5221B4323378B8300CB0980 /* ViewOneViewController.swift in Sources */,
				D5221B24233787DA00CB0980 /* HomePresenter.swift in Sources */,
				D5221B4523378B8300CB0980 /* ViewOneWireframe.swift in Sources */,
				D5221B4223378B8300CB0980 /* ViewOnePresenter.swift in Sources */,
				D5221B4123378B8300CB0980 /* ViewOneInterfaces.swift in Sources */,
				D5221B4D23378B9A00CB0980 /* ViewTwoInterfaces.swift in Sources */,
				D5221B322337880500CB0980 /* UIStoryboardExtension.swift in Sources */,
				D5221B372337894700CB0980 /* HomeNavigationController.swift in Sources */,
				D5221B23233787DA00CB0980 /* HomeInterfaces.swift in Sources */,
				D5221B092337876200CB0980 /* AppDelegate.swift in Sources */,
				D5221B26233787DA00CB0980 /* HomeInteractor.swift in Sources */,
				D5221B25233787DA00CB0980 /* HomeViewController.swift in Sources */,
				D5221B27233787DA00CB0980 /* HomeWireframe.swift in Sources */,
				D5221B5323378FA600CB0980 /* BaseWireframe.swift in Sources */,
				D5221B5123378B9A00CB0980 /* ViewTwoWireframe.swift in Sources */,
				D5221B4F23378B9A00CB0980 /* ViewTwoViewController.swift in Sources */,
				D5221B5023378B9A00CB0980 /* ViewTwoInteractor.swift in Sources */,
				D5221B342337880500CB0980 /* ViewInterface.swift in Sources */,
				D5221B4423378B8300CB0980 /* ViewOneInteractor.swift in Sources */,
				D5221B312337880500CB0980 /* PresenterInterface.swift in Sources */,
			);
			runOnlyForDeploymentPostprocessing = 0;
		};
/* End PBXSourcesBuildPhase section */

/* Begin PBXVariantGroup section */
		D5221B112337876400CB0980 /* LaunchScreen.storyboard */ = {
			isa = PBXVariantGroup;
			children = (
				D5221B122337876400CB0980 /* Base */,
			);
			name = LaunchScreen.storyboard;
			sourceTree = "<group>";
		};
/* End PBXVariantGroup section */

/* Begin XCBuildConfiguration section */
		D5221B152337876400CB0980 /* Debug */ = {
			isa = XCBuildConfiguration;
			buildSettings = {
				ALWAYS_SEARCH_USER_PATHS = NO;
				CLANG_ANALYZER_NONNULL = YES;
				CLANG_ANALYZER_NUMBER_OBJECT_CONVERSION = YES_AGGRESSIVE;
				CLANG_CXX_LANGUAGE_STANDARD = "gnu++14";
				CLANG_CXX_LIBRARY = "libc++";
				CLANG_ENABLE_MODULES = YES;
				CLANG_ENABLE_OBJC_ARC = YES;
				CLANG_ENABLE_OBJC_WEAK = YES;
				CLANG_WARN_BLOCK_CAPTURE_AUTORELEASING = YES;
				CLANG_WARN_BOOL_CONVERSION = YES;
				CLANG_WARN_COMMA = YES;
				CLANG_WARN_CONSTANT_CONVERSION = YES;
				CLANG_WARN_DEPRECATED_OBJC_IMPLEMENTATIONS = YES;
				CLANG_WARN_DIRECT_OBJC_ISA_USAGE = YES_ERROR;
				CLANG_WARN_DOCUMENTATION_COMMENTS = YES;
				CLANG_WARN_EMPTY_BODY = YES;
				CLANG_WARN_ENUM_CONVERSION = YES;
				CLANG_WARN_INFINITE_RECURSION = YES;
				CLANG_WARN_INT_CONVERSION = YES;
				CLANG_WARN_NON_LITERAL_NULL_CONVERSION = YES;
				CLANG_WARN_OBJC_IMPLICIT_RETAIN_SELF = YES;
				CLANG_WARN_OBJC_LITERAL_CONVERSION = YES;
				CLANG_WARN_OBJC_ROOT_CLASS = YES_ERROR;
				CLANG_WARN_RANGE_LOOP_ANALYSIS = YES;
				CLANG_WARN_STRICT_PROTOTYPES = YES;
				CLANG_WARN_SUSPICIOUS_MOVE = YES;
				CLANG_WARN_UNGUARDED_AVAILABILITY = YES_AGGRESSIVE;
				CLANG_WARN_UNREACHABLE_CODE = YES;
				CLANG_WARN__DUPLICATE_METHOD_MATCH = YES;
				CODE_SIGN_IDENTITY = "iPhone Developer";
				COPY_PHASE_STRIP = NO;
				DEBUG_INFORMATION_FORMAT = dwarf;
				ENABLE_STRICT_OBJC_MSGSEND = YES;
				ENABLE_TESTABILITY = YES;
				GCC_C_LANGUAGE_STANDARD = gnu11;
				GCC_DYNAMIC_NO_PIC = NO;
				GCC_NO_COMMON_BLOCKS = YES;
				GCC_OPTIMIZATION_LEVEL = 0;
				GCC_PREPROCESSOR_DEFINITIONS = (
					"DEBUG=1",
					"$(inherited)",
				);
				GCC_WARN_64_TO_32_BIT_CONVERSION = YES;
				GCC_WARN_ABOUT_RETURN_TYPE = YES_ERROR;
				GCC_WARN_UNDECLARED_SELECTOR = YES;
				GCC_WARN_UNINITIALIZED_AUTOS = YES_AGGRESSIVE;
				GCC_WARN_UNUSED_FUNCTION = YES;
				GCC_WARN_UNUSED_VARIABLE = YES;
				IPHONEOS_DEPLOYMENT_TARGET = 12.2;
				MTL_ENABLE_DEBUG_INFO = INCLUDE_SOURCE;
				MTL_FAST_MATH = YES;
				ONLY_ACTIVE_ARCH = YES;
				SDKROOT = iphoneos;
				SWIFT_ACTIVE_COMPILATION_CONDITIONS = DEBUG;
				SWIFT_OPTIMIZATION_LEVEL = "-Onone";
			};
			name = Debug;
		};
		D5221B162337876400CB0980 /* Release */ = {
			isa = XCBuildConfiguration;
			buildSettings = {
				ALWAYS_SEARCH_USER_PATHS = NO;
				CLANG_ANALYZER_NONNULL = YES;
				CLANG_ANALYZER_NUMBER_OBJECT_CONVERSION = YES_AGGRESSIVE;
				CLANG_CXX_LANGUAGE_STANDARD = "gnu++14";
				CLANG_CXX_LIBRARY = "libc++";
				CLANG_ENABLE_MODULES = YES;
				CLANG_ENABLE_OBJC_ARC = YES;
				CLANG_ENABLE_OBJC_WEAK = YES;
				CLANG_WARN_BLOCK_CAPTURE_AUTORELEASING = YES;
				CLANG_WARN_BOOL_CONVERSION = YES;
				CLANG_WARN_COMMA = YES;
				CLANG_WARN_CONSTANT_CONVERSION = YES;
				CLANG_WARN_DEPRECATED_OBJC_IMPLEMENTATIONS = YES;
				CLANG_WARN_DIRECT_OBJC_ISA_USAGE = YES_ERROR;
				CLANG_WARN_DOCUMENTATION_COMMENTS = YES;
				CLANG_WARN_EMPTY_BODY = YES;
				CLANG_WARN_ENUM_CONVERSION = YES;
				CLANG_WARN_INFINITE_RECURSION = YES;
				CLANG_WARN_INT_CONVERSION = YES;
				CLANG_WARN_NON_LITERAL_NULL_CONVERSION = YES;
				CLANG_WARN_OBJC_IMPLICIT_RETAIN_SELF = YES;
				CLANG_WARN_OBJC_LITERAL_CONVERSION = YES;
				CLANG_WARN_OBJC_ROOT_CLASS = YES_ERROR;
				CLANG_WARN_RANGE_LOOP_ANALYSIS = YES;
				CLANG_WARN_STRICT_PROTOTYPES = YES;
				CLANG_WARN_SUSPICIOUS_MOVE = YES;
				CLANG_WARN_UNGUARDED_AVAILABILITY = YES_AGGRESSIVE;
				CLANG_WARN_UNREACHABLE_CODE = YES;
				CLANG_WARN__DUPLICATE_METHOD_MATCH = YES;
				CODE_SIGN_IDENTITY = "iPhone Developer";
				COPY_PHASE_STRIP = NO;
				DEBUG_INFORMATION_FORMAT = "dwarf-with-dsym";
				ENABLE_NS_ASSERTIONS = NO;
				ENABLE_STRICT_OBJC_MSGSEND = YES;
				GCC_C_LANGUAGE_STANDARD = gnu11;
				GCC_NO_COMMON_BLOCKS = YES;
				GCC_WARN_64_TO_32_BIT_CONVERSION = YES;
				GCC_WARN_ABOUT_RETURN_TYPE = YES_ERROR;
				GCC_WARN_UNDECLARED_SELECTOR = YES;
				GCC_WARN_UNINITIALIZED_AUTOS = YES_AGGRESSIVE;
				GCC_WARN_UNUSED_FUNCTION = YES;
				GCC_WARN_UNUSED_VARIABLE = YES;
				IPHONEOS_DEPLOYMENT_TARGET = 12.2;
				MTL_ENABLE_DEBUG_INFO = NO;
				MTL_FAST_MATH = YES;
				SDKROOT = iphoneos;
				SWIFT_COMPILATION_MODE = wholemodule;
				SWIFT_OPTIMIZATION_LEVEL = "-O";
				VALIDATE_PRODUCT = YES;
			};
			name = Release;
		};
		D5221B182337876400CB0980 /* Debug */ = {
			isa = XCBuildConfiguration;
			buildSettings = {
				ASSETCATALOG_COMPILER_APPICON_NAME = AppIcon;
				CODE_SIGN_STYLE = Automatic;
				INFOPLIST_FILE = ViperDemo/Application/Info.plist;
				LD_RUNPATH_SEARCH_PATHS = (
					"$(inherited)",
					"@executable_path/Frameworks",
				);
				PRODUCT_BUNDLE_IDENTIFIER = com.lux.ViperDemo;
				PRODUCT_NAME = "$(TARGET_NAME)";
				SWIFT_VERSION = 5.0;
				TARGETED_DEVICE_FAMILY = "1,2";
			};
			name = Debug;
		};
		D5221B192337876400CB0980 /* Release */ = {
			isa = XCBuildConfiguration;
			buildSettings = {
				ASSETCATALOG_COMPILER_APPICON_NAME = AppIcon;
				CODE_SIGN_STYLE = Automatic;
				INFOPLIST_FILE = ViperDemo/Application/Info.plist;
				LD_RUNPATH_SEARCH_PATHS = (
					"$(inherited)",
					"@executable_path/Frameworks",
				);
				PRODUCT_BUNDLE_IDENTIFIER = com.lux.ViperDemo;
				PRODUCT_NAME = "$(TARGET_NAME)";
				SWIFT_VERSION = 5.0;
				TARGETED_DEVICE_FAMILY = "1,2";
			};
			name = Release;
		};
/* End XCBuildConfiguration section */

/* Begin XCConfigurationList section */
		D5221B002337876200CB0980 /* Build configuration list for PBXProject "ViperDemo" */ = {
			isa = XCConfigurationList;
			buildConfigurations = (
				D5221B152337876400CB0980 /* Debug */,
				D5221B162337876400CB0980 /* Release */,
			);
			defaultConfigurationIsVisible = 0;
			defaultConfigurationName = Release;
		};
		D5221B172337876400CB0980 /* Build configuration list for PBXNativeTarget "ViperDemo" */ = {
			isa = XCConfigurationList;
			buildConfigurations = (
				D5221B182337876400CB0980 /* Debug */,
				D5221B192337876400CB0980 /* Release */,
			);
			defaultConfigurationIsVisible = 0;
			defaultConfigurationName = Release;
		};
/* End XCConfigurationList section */
	};
	rootObject = D5221AFD2337876200CB0980 /* Project object */;
}
